
Microsoft Visual Studio Solution File, Format Version 12.00
# Visual Studio Version 16
VisualStudioVersion = 16.0.29509.3
MinimumVisualStudioVersion = 10.0.40219.1
Project("{2150E333-8FDC-42A3-9474-1A3956D46DE8}") = "01 - Presentation", "01 - Presentation", "{340E6569-C00A-4AE4-88AE-A1FB4E0C096B}"
EndProject
Project("{2150E333-8FDC-42A3-9474-1A3956D46DE8}") = "02 - Application", "02 - Application", "{D112A272-81E3-4CE4-A930-5F731F1DFA98}"
EndProject
Project("{2150E333-8FDC-42A3-9474-1A3956D46DE8}") = "03 - Domain", "03 - Domain", "{8FE58C7E-40C5-4B06-8D24-9053D4B3EE64}"
EndProject
Project("{2150E333-8FDC-42A3-9474-1A3956D46DE8}") = "04 - Infrastructure", "04 - Infrastructure", "{2BAA271F-F8A1-4E8E-92FA-CFE042B7993C}"
EndProject
Project("{FAE04EC0-301F-11D3-BF4B-00C04F79EFBC}") = "RecargaApp.Domain", "RecargaApp.Domain\RecargaApp.Domain.csproj", "{38E9A06D-01E7-4E97-B933-D968C183EF60}"
EndProject
Project("{FAE04EC0-301F-11D3-BF4B-00C04F79EFBC}") = "RecargaApp.Infra.Data", "RecargaApp.Infra.Data\RecargaApp.Infra.Data.csproj", "{7D31B04B-46EC-45BC-86ED-459B6E85E50F}"
EndProject
Project("{FAE04EC0-301F-11D3-BF4B-00C04F79EFBC}") = "RecargaApp.UI.MVC", "RecargaApp.UI.MVC\RecargaApp.UI.MVC.csproj", "{F8ED5988-F3F7-4A24-9C3E-36E5F8677B9E}"
EndProject
Project("{FAE04EC0-301F-11D3-BF4B-00C04F79EFBC}") = "RecargaApp.Application", "RecargaApp.Application\RecargaApp.Application.csproj", "{9F590A66-2CE9-445F-B849-BCFCF5C7A195}"
EndProject
Global
	GlobalSection(SolutionConfigurationPlatforms) = preSolution
		Debug|Any CPU = Debug|Any CPU
		Release|Any CPU = Release|Any CPU
	EndGlobalSection
	GlobalSection(ProjectConfigurationPlatforms) = postSolution
		{38E9A06D-01E7-4E97-B933-D968C183EF60}.Debug|Any CPU.ActiveCfg = Debug|Any CPU
		{38E9A06D-01E7-4E97-B933-D968C183EF60}.Debug|Any CPU.Build.0 = Debug|Any CPU
		{38E9A06D-01E7-4E97-B933-D968C183EF60}.Release|Any CPU.ActiveCfg = Release|Any CPU
		{38E9A06D-01E7-4E97-B933-D968C183EF60}.Release|Any CPU.Build.0 = Release|Any CPU
		{7D31B04B-46EC-45BC-86ED-459B6E85E50F}.Debug|Any CPU.ActiveCfg = Debug|Any CPU
		{7D31B04B-46EC-45BC-86ED-459B6E85E50F}.Debug|Any CPU.Build.0 = Debug|Any CPU
		{7D31B04B-46EC-45BC-86ED-459B6E85E50F}.Release|Any CPU.ActiveCfg = Release|Any CPU
		{7D31B04B-46EC-45BC-86ED-459B6E85E50F}.Release|Any CPU.Build.0 = Release|Any CPU
		{F8ED5988-F3F7-4A24-9C3E-36E5F8677B9E}.Debug|Any CPU.ActiveCfg = Debug|Any CPU
		{F8ED5988-F3F7-4A24-9C3E-36E5F8677B9E}.Debug|Any CPU.Build.0 = Debug|Any CPU
		{F8ED5988-F3F7-4A24-9C3E-36E5F8677B9E}.Release|Any CPU.ActiveCfg = Release|Any CPU
		{F8ED5988-F3F7-4A24-9C3E-36E5F8677B9E}.Release|Any CPU.Build.0 = Release|Any CPU
		{9F590A66-2CE9-445F-B849-BCFCF5C7A195}.Debug|Any CPU.ActiveCfg = Debug|Any CPU
		{9F590A66-2CE9-445F-B849-BCFCF5C7A195}.Debug|Any CPU.Build.0 = Debug|Any CPU
		{9F590A66-2CE9-445F-B849-BCFCF5C7A195}.Release|Any CPU.ActiveCfg = Release|Any CPU
		{9F590A66-2CE9-445F-B849-BCFCF5C7A195}.Release|Any CPU.Build.0 = Release|Any CPU
	EndGlobalSection
	GlobalSection(SolutionProperties) = preSolution
		HideSolutionNode = FALSE
	EndGlobalSection
	GlobalSection(NestedProjects) = preSolution
		{38E9A06D-01E7-4E97-B933-D968C183EF60} = {8FE58C7E-40C5-4B06-8D24-9053D4B3EE64}
		{7D31B04B-46EC-45BC-86ED-459B6E85E50F} = {2BAA271F-F8A1-4E8E-92FA-CFE042B7993C}
		{F8ED5988-F3F7-4A24-9C3E-36E5F8677B9E} = {340E6569-C00A-4AE4-88AE-A1FB4E0C096B}
		{9F590A66-2CE9-445F-B849-BCFCF5C7A195} = {D112A272-81E3-4CE4-A930-5F731F1DFA98}
	EndGlobalSection
	GlobalSection(ExtensibilityGlobals) = postSolution
		SolutionGuid = {3447A898-244E-4790-B77A-F909118D04C0}
	EndGlobalSection
EndGlobal
